
Microsoft Visual Studio Solution File, Format Version 12.00
# Visual Studio Version 17
VisualStudioVersion = 17.13.35731.43
MinimumVisualStudioVersion = 10.0.40219.1
Project("{FAE04EC0-301F-11D3-BF4B-00C04F79EFBC}") = "PhysicalQuantities", "PhysicalQuantities.csproj", "{120144A4-7663-4B06-AEC9-CFDB80AC8F26}"
EndProject
Global
	GlobalSection(SolutionConfigurationPlatforms) = preSolution
		Debug|Any CPU = Debug|Any CPU
		Release|Any CPU = Release|Any CPU
	EndGlobalSection
	GlobalSection(ProjectConfigurationPlatforms) = postSolution
		{120144A4-7663-4B06-AEC9-CFDB80AC8F26}.Debug|Any CPU.ActiveCfg = Debug|Any CPU
		{120144A4-7663-4B06-AEC9-CFDB80AC8F26}.Debug|Any CPU.Build.0 = Debug|Any CPU
		{120144A4-7663-4B06-AEC9-CFDB80AC8F26}.Release|Any CPU.ActiveCfg = Release|Any CPU
		{120144A4-7663-4B06-AEC9-CFDB80AC8F26}.Release|Any CPU.Build.0 = Release|Any CPU
	EndGlobalSection
	GlobalSection(SolutionProperties) = preSolution
		HideSolutionNode = FALSE
	EndGlobalSection
	GlobalSection(ExtensibilityGlobals) = postSolution
		SolutionGuid = {3BB43FCF-BBC6-4585-9AAE-612CC772D0BA}
	EndGlobalSection
EndGlobal
